
Microsoft Visual Studio Solution File, Format Version 11.00
# Visual Studio 2010
Project("{FAE04EC0-301F-11D3-BF4B-00C04F79EFBC}") = "DocketPlace.Business", "Business\DocketPlace.Business.csproj", "{A666013F-FCAF-47DA-949A-217AFCFEA740}"
EndProject
Project("{FAE04EC0-301F-11D3-BF4B-00C04F79EFBC}") = "WebApp", "WebApp\WebApp.csproj", "{A796D4E7-1146-4BBD-A47F-B3814B26F973}"
	ProjectSection(ProjectDependencies) = postProject
		{A666013F-FCAF-47DA-949A-217AFCFEA740} = {A666013F-FCAF-47DA-949A-217AFCFEA740}
	EndProjectSection
EndProject
Global
	GlobalSection(SolutionConfigurationPlatforms) = preSolution
		Debug|Any CPU = Debug|Any CPU
		Home|Any CPU = Home|Any CPU
		Release|Any CPU = Release|Any CPU
	EndGlobalSection
	GlobalSection(ProjectConfigurationPlatforms) = postSolution
		{A666013F-FCAF-47DA-949A-217AFCFEA740}.Debug|Any CPU.ActiveCfg = Debug|Any CPU
		{A666013F-FCAF-47DA-949A-217AFCFEA740}.Debug|Any CPU.Build.0 = Debug|Any CPU
		{A666013F-FCAF-47DA-949A-217AFCFEA740}.Home|Any CPU.ActiveCfg = Home|Any CPU
		{A666013F-FCAF-47DA-949A-217AFCFEA740}.Home|Any CPU.Build.0 = Home|Any CPU
		{A666013F-FCAF-47DA-949A-217AFCFEA740}.Release|Any CPU.ActiveCfg = Release|Any CPU
		{A666013F-FCAF-47DA-949A-217AFCFEA740}.Release|Any CPU.Build.0 = Release|Any CPU
		{A796D4E7-1146-4BBD-A47F-B3814B26F973}.Debug|Any CPU.ActiveCfg = Debug|Any CPU
		{A796D4E7-1146-4BBD-A47F-B3814B26F973}.Debug|Any CPU.Build.0 = Debug|Any CPU
		{A796D4E7-1146-4BBD-A47F-B3814B26F973}.Home|Any CPU.ActiveCfg = Home|Any CPU
		{A796D4E7-1146-4BBD-A47F-B3814B26F973}.Home|Any CPU.Build.0 = Home|Any CPU
		{A796D4E7-1146-4BBD-A47F-B3814B26F973}.Release|Any CPU.ActiveCfg = Release|Any CPU
		{A796D4E7-1146-4BBD-A47F-B3814B26F973}.Release|Any CPU.Build.0 = Release|Any CPU
	EndGlobalSection
	GlobalSection(SolutionProperties) = preSolution
		HideSolutionNode = FALSE
	EndGlobalSection
EndGlobal
